
Microsoft Visual Studio Solution File, Format Version 12.00
# Visual Studio Version 17
VisualStudioVersion = 17.4.33122.133
MinimumVisualStudioVersion = 10.0.40219.1
Project("{FAE04EC0-301F-11D3-BF4B-00C04F79EFBC}") = "HelpStockApp.Domain", "HelpStockApp.Domain\HelpStockApp.Domain.csproj", "{E8D5C109-D811-42D4-AB4E-15D4ECE1374E}"
EndProject
Global
	GlobalSection(SolutionConfigurationPlatforms) = preSolution
		Debug|Any CPU = Debug|Any CPU
		Release|Any CPU = Release|Any CPU
	EndGlobalSection
	GlobalSection(ProjectConfigurationPlatforms) = postSolution
		{E8D5C109-D811-42D4-AB4E-15D4ECE1374E}.Debug|Any CPU.ActiveCfg = Debug|Any CPU
		{E8D5C109-D811-42D4-AB4E-15D4ECE1374E}.Debug|Any CPU.Build.0 = Debug|Any CPU
		{E8D5C109-D811-42D4-AB4E-15D4ECE1374E}.Release|Any CPU.ActiveCfg = Release|Any CPU
		{E8D5C109-D811-42D4-AB4E-15D4ECE1374E}.Release|Any CPU.Build.0 = Release|Any CPU
	EndGlobalSection
	GlobalSection(SolutionProperties) = preSolution
		HideSolutionNode = FALSE
	EndGlobalSection
	GlobalSection(ExtensibilityGlobals) = postSolution
		SolutionGuid = {91E3BB3B-EA12-4F2D-8E78-D9AF02662F22}
	EndGlobalSection
EndGlobal
